// !$*UTF8*$!
{
	archiveVersion = 1;
	classes = {
	};
	objectVersion = 56;
	objects = {

/* Begin PBXBuildFile section */
		AD1DAF382ADBFC4200D7F1F1 /* MicroLayerBuilderApp.swift in Sources */ = {isa = PBXBuildFile; fileRef = AD1DAF372ADBFC4200D7F1F1 /* MicroLayerBuilderApp.swift */; };
		AD1DAF3A2ADBFC4200D7F1F1 /* ContentView.swift in Sources */ = {isa = PBXBuildFile; fileRef = AD1DAF392ADBFC4200D7F1F1 /* ContentView.swift */; };
		AD1DAF3C2ADBFC4300D7F1F1 /* Assets.xcassets in Resources */ = {isa = PBXBuildFile; fileRef = AD1DAF3B2ADBFC4300D7F1F1 /* Assets.xcassets */; };
		AD1DAF3F2ADBFC4300D7F1F1 /* Preview Assets.xcassets in Resources */ = {isa = PBXBuildFile; fileRef = AD1DAF3E2ADBFC4300D7F1F1 /* Preview Assets.xcassets */; };
		AD1DAF412ADBFC4300D7F1F1 /* Persistence.swift in Sources */ = {isa = PBXBuildFile; fileRef = AD1DAF402ADBFC4300D7F1F1 /* Persistence.swift */; };
		AD1DAF442ADBFC4300D7F1F1 /* MicroLayerBuilder.xcdatamodeld in Sources */ = {isa = PBXBuildFile; fileRef = AD1DAF422ADBFC4300D7F1F1 /* MicroLayerBuilder.xcdatamodeld */; };
		AD1DAF4F2ADBFC4400D7F1F1 /* MicroLayerBuilderTests.swift in Sources */ = {isa = PBXBuildFile; fileRef = AD1DAF4E2ADBFC4400D7F1F1 /* MicroLayerBuilderTests.swift */; };
		AD1DAF592ADBFC4400D7F1F1 /* MicroLayerBuilderUITests.swift in Sources */ = {isa = PBXBuildFile; fileRef = AD1DAF582ADBFC4400D7F1F1 /* MicroLayerBuilderUITests.swift */; };
		AD1DAF5B2ADBFC4400D7F1F1 /* MicroLayerBuilderUITestsLaunchTests.swift in Sources */ = {isa = PBXBuildFile; fileRef = AD1DAF5A2ADBFC4400D7F1F1 /* MicroLayerBuilderUITestsLaunchTests.swift */; };
		AD1DAF692ADBFDAD00D7F1F1 /* IOKit.framework in Frameworks */ = {isa = PBXBuildFile; fileRef = AD1DAF682ADBFDAD00D7F1F1 /* IOKit.framework */; };
		AD1DAF6B2ADBFDD800D7F1F1 /* KeyboardManager.swift in Sources */ = {isa = PBXBuildFile; fileRef = AD1DAF6A2ADBFDD800D7F1F1 /* KeyboardManager.swift */; };
/* End PBXBuildFile section */

/* Begin PBXContainerItemProxy section */
		AD1DAF4B2ADBFC4400D7F1F1 /* PBXContainerItemProxy */ = {
			isa = PBXContainerItemProxy;
			containerPortal = AD1DAF2C2ADBFC4200D7F1F1 /* Project object */;
			proxyType = 1;
			remoteGlobalIDString = AD1DAF332ADBFC4200D7F1F1;
			remoteInfo = MicroLayerBuilder;
		};
		AD1DAF552ADBFC4400D7F1F1 /* PBXContainerItemProxy */ = {
			isa = PBXContainerItemProxy;
			containerPortal = AD1DAF2C2ADBFC4200D7F1F1 /* Project object */;
			proxyType = 1;
			remoteGlobalIDString = AD1DAF332ADBFC4200D7F1F1;
			remoteInfo = MicroLayerBuilder;
		};
/* End PBXContainerItemProxy section */

/* Begin PBXFileReference section */
		AD1DAF342ADBFC4200D7F1F1 /* MicroLayerBuilder.app */ = {isa = PBXFileReference; explicitFileType = wrapper.application; includeInIndex = 0; path = MicroLayerBuilder.app; sourceTree = BUILT_PRODUCTS_DIR; };
		AD1DAF372ADBFC4200D7F1F1 /* MicroLayerBuilderApp.swift */ = {isa = PBXFileReference; lastKnownFileType = sourcecode.swift; path = MicroLayerBuilderApp.swift; sourceTree = "<group>"; };
		AD1DAF392ADBFC4200D7F1F1 /* ContentView.swift */ = {isa = PBXFileReference; lastKnownFileType = sourcecode.swift; path = ContentView.swift; sourceTree = "<group>"; };
		AD1DAF3B2ADBFC4300D7F1F1 /* Assets.xcassets */ = {isa = PBXFileReference; lastKnownFileType = folder.assetcatalog; path = Assets.xcassets; sourceTree = "<group>"; };
		AD1DAF3E2ADBFC4300D7F1F1 /* Preview Assets.xcassets */ = {isa = PBXFileReference; lastKnownFileType = folder.assetcatalog; path = "Preview Assets.xcassets"; sourceTree = "<group>"; };
		AD1DAF402ADBFC4300D7F1F1 /* Persistence.swift */ = {isa = PBXFileReference; lastKnownFileType = sourcecode.swift; path = Persistence.swift; sourceTree = "<group>"; };
		AD1DAF432ADBFC4300D7F1F1 /* MicroLayerBuilder.xcdatamodel */ = {isa = PBXFileReference; lastKnownFileType = wrapper.xcdatamodel; path = MicroLayerBuilder.xcdatamodel; sourceTree = "<group>"; };
		AD1DAF452ADBFC4300D7F1F1 /* MicroLayerBuilder.entitlements */ = {isa = PBXFileReference; lastKnownFileType = text.plist.entitlements; path = MicroLayerBuilder.entitlements; sourceTree = "<group>"; };
		AD1DAF4A2ADBFC4400D7F1F1 /* MicroLayerBuilderTests.xctest */ = {isa = PBXFileReference; explicitFileType = wrapper.cfbundle; includeInIndex = 0; path = MicroLayerBuilderTests.xctest; sourceTree = BUILT_PRODUCTS_DIR; };
		AD1DAF4E2ADBFC4400D7F1F1 /* MicroLayerBuilderTests.swift */ = {isa = PBXFileReference; lastKnownFileType = sourcecode.swift; path = MicroLayerBuilderTests.swift; sourceTree = "<group>"; };
		AD1DAF542ADBFC4400D7F1F1 /* MicroLayerBuilderUITests.xctest */ = {isa = PBXFileReference; explicitFileType = wrapper.cfbundle; includeInIndex = 0; path = MicroLayerBuilderUITests.xctest; sourceTree = BUILT_PRODUCTS_DIR; };
		AD1DAF582ADBFC4400D7F1F1 /* MicroLayerBuilderUITests.swift */ = {isa = PBXFileReference; lastKnownFileType = sourcecode.swift; path = MicroLayerBuilderUITests.swift; sourceTree = "<group>"; };
		AD1DAF5A2ADBFC4400D7F1F1 /* MicroLayerBuilderUITestsLaunchTests.swift */ = {isa = PBXFileReference; lastKnownFileType = sourcecode.swift; path = MicroLayerBuilderUITestsLaunchTests.swift; sourceTree = "<group>"; };
		AD1DAF682ADBFDAD00D7F1F1 /* IOKit.framework */ = {isa = PBXFileReference; lastKnownFileType = wrapper.framework; name = IOKit.framework; path = System/Library/Frameworks/IOKit.framework; sourceTree = SDKROOT; };
		AD1DAF6A2ADBFDD800D7F1F1 /* KeyboardManager.swift */ = {isa = PBXFileReference; lastKnownFileType = sourcecode.swift; path = KeyboardManager.swift; sourceTree = "<group>"; };
/* End PBXFileReference section */

/* Begin PBXFrameworksBuildPhase section */
		AD1DAF312ADBFC4200D7F1F1 /* Frameworks */ = {
			isa = PBXFrameworksBuildPhase;
			buildActionMask = 2147483647;
			files = (
				AD1DAF692ADBFDAD00D7F1F1 /* IOKit.framework in Frameworks */,
			);
			runOnlyForDeploymentPostprocessing = 0;
		};
		AD1DAF472ADBFC4400D7F1F1 /* Frameworks */ = {
			isa = PBXFrameworksBuildPhase;
			buildActionMask = 2147483647;
			files = (
			);
			runOnlyForDeploymentPostprocessing = 0;
		};
		AD1DAF512ADBFC4400D7F1F1 /* Frameworks */ = {
			isa = PBXFrameworksBuildPhase;
			buildActionMask = 2147483647;
			files = (
			);
			runOnlyForDeploymentPostprocessing = 0;
		};
/* End PBXFrameworksBuildPhase section */

/* Begin PBXGroup section */
		AD1DAF2B2ADBFC4200D7F1F1 = {
			isa = PBXGroup;
			children = (
				AD1DAF362ADBFC4200D7F1F1 /* MicroLayerBuilder */,
				AD1DAF4D2ADBFC4400D7F1F1 /* MicroLayerBuilderTests */,
				AD1DAF572ADBFC4400D7F1F1 /* MicroLayerBuilderUITests */,
				AD1DAF352ADBFC4200D7F1F1 /* Products */,
				AD1DAF672ADBFDAD00D7F1F1 /* Frameworks */,
			);
			sourceTree = "<group>";
		};
		AD1DAF352ADBFC4200D7F1F1 /* Products */ = {
			isa = PBXGroup;
			children = (
				AD1DAF342ADBFC4200D7F1F1 /* MicroLayerBuilder.app */,
				AD1DAF4A2ADBFC4400D7F1F1 /* MicroLayerBuilderTests.xctest */,
				AD1DAF542ADBFC4400D7F1F1 /* MicroLayerBuilderUITests.xctest */,
			);
			name = Products;
			sourceTree = "<group>";
		};
		AD1DAF362ADBFC4200D7F1F1 /* MicroLayerBuilder */ = {
			isa = PBXGroup;
			children = (
				AD1DAF372ADBFC4200D7F1F1 /* MicroLayerBuilderApp.swift */,
				AD1DAF392ADBFC4200D7F1F1 /* ContentView.swift */,
				AD1DAF3B2ADBFC4300D7F1F1 /* Assets.xcassets */,
				AD1DAF402ADBFC4300D7F1F1 /* Persistence.swift */,
				AD1DAF452ADBFC4300D7F1F1 /* MicroLayerBuilder.entitlements */,
				AD1DAF422ADBFC4300D7F1F1 /* MicroLayerBuilder.xcdatamodeld */,
				AD1DAF3D2ADBFC4300D7F1F1 /* Preview Content */,
				AD1DAF6A2ADBFDD800D7F1F1 /* KeyboardManager.swift */,
			);
			path = MicroLayerBuilder;
			sourceTree = "<group>";
		};
		AD1DAF3D2ADBFC4300D7F1F1 /* Preview Content */ = {
			isa = PBXGroup;
			children = (
				AD1DAF3E2ADBFC4300D7F1F1 /* Preview Assets.xcassets */,
			);
			path = "Preview Content";
			sourceTree = "<group>";
		};
		AD1DAF4D2ADBFC4400D7F1F1 /* MicroLayerBuilderTests */ = {
			isa = PBXGroup;
			children = (
				AD1DAF4E2ADBFC4400D7F1F1 /* MicroLayerBuilderTests.swift */,
			);
			path = MicroLayerBuilderTests;
			sourceTree = "<group>";
		};
		AD1DAF572ADBFC4400D7F1F1 /* MicroLayerBuilderUITests */ = {
			isa = PBXGroup;
			children = (
				AD1DAF582ADBFC4400D7F1F1 /* MicroLayerBuilderUITests.swift */,
				AD1DAF5A2ADBFC4400D7F1F1 /* MicroLayerBuilderUITestsLaunchTests.swift */,
			);
			path = MicroLayerBuilderUITests;
			sourceTree = "<group>";
		};
		AD1DAF672ADBFDAD00D7F1F1 /* Frameworks */ = {
			isa = PBXGroup;
			children = (
				AD1DAF682ADBFDAD00D7F1F1 /* IOKit.framework */,
			);
			name = Frameworks;
			sourceTree = "<group>";
		};
/* End PBXGroup section */

/* Begin PBXNativeTarget section */
		AD1DAF332ADBFC4200D7F1F1 /* MicroLayerBuilder */ = {
			isa = PBXNativeTarget;
			buildConfigurationList = AD1DAF5E2ADBFC4400D7F1F1 /* Build configuration list for PBXNativeTarget "MicroLayerBuilder" */;
			buildPhases = (
				AD1DAF302ADBFC4200D7F1F1 /* Sources */,
				AD1DAF312ADBFC4200D7F1F1 /* Frameworks */,
				AD1DAF322ADBFC4200D7F1F1 /* Resources */,
			);
			buildRules = (
			);
			dependencies = (
			);
			name = MicroLayerBuilder;
			productName = MicroLayerBuilder;
			productReference = AD1DAF342ADBFC4200D7F1F1 /* MicroLayerBuilder.app */;
			productType = "com.apple.product-type.application";
		};
		AD1DAF492ADBFC4400D7F1F1 /* MicroLayerBuilderTests */ = {
			isa = PBXNativeTarget;
			buildConfigurationList = AD1DAF612ADBFC4400D7F1F1 /* Build configuration list for PBXNativeTarget "MicroLayerBuilderTests" */;
			buildPhases = (
				AD1DAF462ADBFC4400D7F1F1 /* Sources */,
				AD1DAF472ADBFC4400D7F1F1 /* Frameworks */,
				AD1DAF482ADBFC4400D7F1F1 /* Resources */,
			);
			buildRules = (
			);
			dependencies = (
				AD1DAF4C2ADBFC4400D7F1F1 /* PBXTargetDependency */,
			);
			name = MicroLayerBuilderTests;
			productName = MicroLayerBuilderTests;
			productReference = AD1DAF4A2ADBFC4400D7F1F1 /* MicroLayerBuilderTests.xctest */;
			productType = "com.apple.product-type.bundle.unit-test";
		};
		AD1DAF532ADBFC4400D7F1F1 /* MicroLayerBuilderUITests */ = {
			isa = PBXNativeTarget;
			buildConfigurationList = AD1DAF642ADBFC4400D7F1F1 /* Build configuration list for PBXNativeTarget "MicroLayerBuilderUITests" */;
			buildPhases = (
				AD1DAF502ADBFC4400D7F1F1 /* Sources */,
				AD1DAF512ADBFC4400D7F1F1 /* Frameworks */,
				AD1DAF522ADBFC4400D7F1F1 /* Resources */,
			);
			buildRules = (
			);
			dependencies = (
				AD1DAF562ADBFC4400D7F1F1 /* PBXTargetDependency */,
			);
			name = MicroLayerBuilderUITests;
			productName = MicroLayerBuilderUITests;
			productReference = AD1DAF542ADBFC4400D7F1F1 /* MicroLayerBuilderUITests.xctest */;
			productType = "com.apple.product-type.bundle.ui-testing";
		};
/* End PBXNativeTarget section */

/* Begin PBXProject section */
		AD1DAF2C2ADBFC4200D7F1F1 /* Project object */ = {
			isa = PBXProject;
			attributes = {
				BuildIndependentTargetsInParallel = 1;
				LastSwiftUpdateCheck = 1500;
				LastUpgradeCheck = 1500;
				TargetAttributes = {
					AD1DAF332ADBFC4200D7F1F1 = {
						CreatedOnToolsVersion = 15.0;
					};
					AD1DAF492ADBFC4400D7F1F1 = {
						CreatedOnToolsVersion = 15.0;
						TestTargetID = AD1DAF332ADBFC4200D7F1F1;
					};
					AD1DAF532ADBFC4400D7F1F1 = {
						CreatedOnToolsVersion = 15.0;
						TestTargetID = AD1DAF332ADBFC4200D7F1F1;
					};
				};
			};
			buildConfigurationList = AD1DAF2F2ADBFC4200D7F1F1 /* Build configuration list for PBXProject "MicroLayerBuilder" */;
			compatibilityVersion = "Xcode 14.0";
			developmentRegion = en;
			hasScannedForEncodings = 0;
			knownRegions = (
				en,
				Base,
			);
			mainGroup = AD1DAF2B2ADBFC4200D7F1F1;
			productRefGroup = AD1DAF352ADBFC4200D7F1F1 /* Products */;
			projectDirPath = "";
			projectRoot = "";
			targets = (
				AD1DAF332ADBFC4200D7F1F1 /* MicroLayerBuilder */,
				AD1DAF492ADBFC4400D7F1F1 /* MicroLayerBuilderTests */,
				AD1DAF532ADBFC4400D7F1F1 /* MicroLayerBuilderUITests */,
			);
		};
/* End PBXProject section */

/* Begin PBXResourcesBuildPhase section */
		AD1DAF322ADBFC4200D7F1F1 /* Resources */ = {
			isa = PBXResourcesBuildPhase;
			buildActionMask = 2147483647;
			files = (
				AD1DAF3F2ADBFC4300D7F1F1 /* Preview Assets.xcassets in Resources */,
				AD1DAF3C2ADBFC4300D7F1F1 /* Assets.xcassets in Resources */,
			);
			runOnlyForDeploymentPostprocessing = 0;
		};
		AD1DAF482ADBFC4400D7F1F1 /* Resources */ = {
			isa = PBXResourcesBuildPhase;
			buildActionMask = 2147483647;
			files = (
			);
			runOnlyForDeploymentPostprocessing = 0;
		};
		AD1DAF522ADBFC4400D7F1F1 /* Resources */ = {
			isa = PBXResourcesBuildPhase;
			buildActionMask = 2147483647;
			files = (
			);
			runOnlyForDeploymentPostprocessing = 0;
		};
/* End PBXResourcesBuildPhase section */

/* Begin PBXSourcesBuildPhase section */
		AD1DAF302ADBFC4200D7F1F1 /* Sources */ = {
			isa = PBXSourcesBuildPhase;
			buildActionMask = 2147483647;
			files = (
				AD1DAF442ADBFC4300D7F1F1 /* MicroLayerBuilder.xcdatamodeld in Sources */,
				AD1DAF412ADBFC4300D7F1F1 /* Persistence.swift in Sources */,
				AD1DAF6B2ADBFDD800D7F1F1 /* KeyboardManager.swift in Sources */,
				AD1DAF3A2ADBFC4200D7F1F1 /* ContentView.swift in Sources */,
				AD1DAF382ADBFC4200D7F1F1 /* MicroLayerBuilderApp.swift in Sources */,
			);
			runOnlyForDeploymentPostprocessing = 0;
		};
		AD1DAF462ADBFC4400D7F1F1 /* Sources */ = {
			isa = PBXSourcesBuildPhase;
			buildActionMask = 2147483647;
			files = (
				AD1DAF4F2ADBFC4400D7F1F1 /* MicroLayerBuilderTests.swift in Sources */,
			);
			runOnlyForDeploymentPostprocessing = 0;
		};
		AD1DAF502ADBFC4400D7F1F1 /* Sources */ = {
			isa = PBXSourcesBuildPhase;
			buildActionMask = 2147483647;
			files = (
				AD1DAF592ADBFC4400D7F1F1 /* MicroLayerBuilderUITests.swift in Sources */,
				AD1DAF5B2ADBFC4400D7F1F1 /* MicroLayerBuilderUITestsLaunchTests.swift in Sources */,
			);
			runOnlyForDeploymentPostprocessing = 0;
		};
/* End PBXSourcesBuildPhase section */

/* Begin PBXTargetDependency section */
		AD1DAF4C2ADBFC4400D7F1F1 /* PBXTargetDependency */ = {
			isa = PBXTargetDependency;
			target = AD1DAF332ADBFC4200D7F1F1 /* MicroLayerBuilder */;
			targetProxy = AD1DAF4B2ADBFC4400D7F1F1 /* PBXContainerItemProxy */;
		};
		AD1DAF562ADBFC4400D7F1F1 /* PBXTargetDependency */ = {
			isa = PBXTargetDependency;
			target = AD1DAF332ADBFC4200D7F1F1 /* MicroLayerBuilder */;
			targetProxy = AD1DAF552ADBFC4400D7F1F1 /* PBXContainerItemProxy */;
		};
/* End PBXTargetDependency section */

/* Begin XCBuildConfiguration section */
		AD1DAF5C2ADBFC4400D7F1F1 /* Debug */ = {
			isa = XCBuildConfiguration;
			buildSettings = {
				ALWAYS_SEARCH_USER_PATHS = NO;
				ASSETCATALOG_COMPILER_GENERATE_SWIFT_ASSET_SYMBOL_EXTENSIONS = YES;
				CLANG_ANALYZER_NONNULL = YES;
				CLANG_ANALYZER_NUMBER_OBJECT_CONVERSION = YES_AGGRESSIVE;
				CLANG_CXX_LANGUAGE_STANDARD = "gnu++20";
				CLANG_ENABLE_MODULES = YES;
				CLANG_ENABLE_OBJC_ARC = YES;
				CLANG_ENABLE_OBJC_WEAK = YES;
				CLANG_WARN_BLOCK_CAPTURE_AUTORELEASING = YES;
				CLANG_WARN_BOOL_CONVERSION = YES;
				CLANG_WARN_COMMA = YES;
				CLANG_WARN_CONSTANT_CONVERSION = YES;
				CLANG_WARN_DEPRECATED_OBJC_IMPLEMENTATIONS = YES;
				CLANG_WARN_DIRECT_OBJC_ISA_USAGE = YES_ERROR;
				CLANG_WARN_DOCUMENTATION_COMMENTS = YES;
				CLANG_WARN_EMPTY_BODY = YES;
				CLANG_WARN_ENUM_CONVERSION = YES;
				CLANG_WARN_INFINITE_RECURSION = YES;
				CLANG_WARN_INT_CONVERSION = YES;
				CLANG_WARN_NON_LITERAL_NULL_CONVERSION = YES;
				CLANG_WARN_OBJC_IMPLICIT_RETAIN_SELF = YES;
				CLANG_WARN_OBJC_LITERAL_CONVERSION = YES;
				CLANG_WARN_OBJC_ROOT_CLASS = YES_ERROR;
				CLANG_WARN_QUOTED_INCLUDE_IN_FRAMEWORK_HEADER = YES;
				CLANG_WARN_RANGE_LOOP_ANALYSIS = YES;
				CLANG_WARN_STRICT_PROTOTYPES = YES;
				CLANG_WARN_SUSPICIOUS_MOVE = YES;
				CLANG_WARN_UNGUARDED_AVAILABILITY = YES_AGGRESSIVE;
				CLANG_WARN_UNREACHABLE_CODE = YES;
				CLANG_WARN__DUPLICATE_METHOD_MATCH = YES;
				COPY_PHASE_STRIP = NO;
				DEBUG_INFORMATION_FORMAT = dwarf;
				ENABLE_STRICT_OBJC_MSGSEND = YES;
				ENABLE_TESTABILITY = YES;
				ENABLE_USER_SCRIPT_SANDBOXING = YES;
				GCC_C_LANGUAGE_STANDARD = gnu17;
				GCC_DYNAMIC_NO_PIC = NO;
				GCC_NO_COMMON_BLOCKS = YES;
				GCC_OPTIMIZATION_LEVEL = 0;
				GCC_PREPROCESSOR_DEFINITIONS = (
					"DEBUG=1",
					"$(inherited)",
				);
				GCC_WARN_64_TO_32_BIT_CONVERSION = YES;
				GCC_WARN_ABOUT_RETURN_TYPE = YES_ERROR;
				GCC_WARN_UNDECLARED_SELECTOR = YES;
				GCC_WARN_UNINITIALIZED_AUTOS = YES_AGGRESSIVE;
				GCC_WARN_UNUSED_FUNCTION = YES;
				GCC_WARN_UNUSED_VARIABLE = YES;
				LOCALIZATION_PREFERS_STRING_CATALOGS = YES;
				MACOSX_DEPLOYMENT_TARGET = 14.0;
				MTL_ENABLE_DEBUG_INFO = INCLUDE_SOURCE;
				MTL_FAST_MATH = YES;
				ONLY_ACTIVE_ARCH = YES;
				SDKROOT = macosx;
				SWIFT_ACTIVE_COMPILATION_CONDITIONS = "DEBUG $(inherited)";
				SWIFT_OPTIMIZATION_LEVEL = "-Onone";
			};
			name = Debug;
		};
		AD1DAF5D2ADBFC4400D7F1F1 /* Release */ = {
			isa = XCBuildConfiguration;
			buildSettings = {
				ALWAYS_SEARCH_USER_PATHS = NO;
				ASSETCATALOG_COMPILER_GENERATE_SWIFT_ASSET_SYMBOL_EXTENSIONS = YES;
				CLANG_ANALYZER_NONNULL = YES;
				CLANG_ANALYZER_NUMBER_OBJECT_CONVERSION = YES_AGGRESSIVE;
				CLANG_CXX_LANGUAGE_STANDARD = "gnu++20";
				CLANG_ENABLE_MODULES = YES;
				CLANG_ENABLE_OBJC_ARC = YES;
				CLANG_ENABLE_OBJC_WEAK = YES;
				CLANG_WARN_BLOCK_CAPTURE_AUTORELEASING = YES;
				CLANG_WARN_BOOL_CONVERSION = YES;
				CLANG_WARN_COMMA = YES;
				CLANG_WARN_CONSTANT_CONVERSION = YES;
				CLANG_WARN_DEPRECATED_OBJC_IMPLEMENTATIONS = YES;
				CLANG_WARN_DIRECT_OBJC_ISA_USAGE = YES_ERROR;
				CLANG_WARN_DOCUMENTATION_COMMENTS = YES;
				CLANG_WARN_EMPTY_BODY = YES;
				CLANG_WARN_ENUM_CONVERSION = YES;
				CLANG_WARN_INFINITE_RECURSION = YES;
				CLANG_WARN_INT_CONVERSION = YES;
				CLANG_WARN_NON_LITERAL_NULL_CONVERSION = YES;
				CLANG_WARN_OBJC_IMPLICIT_RETAIN_SELF = YES;
				CLANG_WARN_OBJC_LITERAL_CONVERSION = YES;
				CLANG_WARN_OBJC_ROOT_CLASS = YES_ERROR;
				CLANG_WARN_QUOTED_INCLUDE_IN_FRAMEWORK_HEADER = YES;
				CLANG_WARN_RANGE_LOOP_ANALYSIS = YES;
				CLANG_WARN_STRICT_PROTOTYPES = YES;
				CLANG_WARN_SUSPICIOUS_MOVE = YES;
				CLANG_WARN_UNGUARDED_AVAILABILITY = YES_AGGRESSIVE;
				CLANG_WARN_UNREACHABLE_CODE = YES;
				CLANG_WARN__DUPLICATE_METHOD_MATCH = YES;
				COPY_PHASE_STRIP = NO;
				DEBUG_INFORMATION_FORMAT = "dwarf-with-dsym";
				ENABLE_NS_ASSERTIONS = NO;
				ENABLE_STRICT_OBJC_MSGSEND = YES;
				ENABLE_USER_SCRIPT_SANDBOXING = YES;
				GCC_C_LANGUAGE_STANDARD = gnu17;
				GCC_NO_COMMON_BLOCKS = YES;
				GCC_WARN_64_TO_32_BIT_CONVERSION = YES;
				GCC_WARN_ABOUT_RETURN_TYPE = YES_ERROR;
				GCC_WARN_UNDECLARED_SELECTOR = YES;
				GCC_WARN_UNINITIALIZED_AUTOS = YES_AGGRESSIVE;
				GCC_WARN_UNUSED_FUNCTION = YES;
				GCC_WARN_UNUSED_VARIABLE = YES;
				LOCALIZATION_PREFERS_STRING_CATALOGS = YES;
				MACOSX_DEPLOYMENT_TARGET = 14.0;
				MTL_ENABLE_DEBUG_INFO = NO;
				MTL_FAST_MATH = YES;
				SDKROOT = macosx;
				SWIFT_COMPILATION_MODE = wholemodule;
			};
			name = Release;
		};
		AD1DAF5F2ADBFC4400D7F1F1 /* Debug */ = {
			isa = XCBuildConfiguration;
			buildSettings = {
				ASSETCATALOG_COMPILER_APPICON_NAME = AppIcon;
				ASSETCATALOG_COMPILER_GLOBAL_ACCENT_COLOR_NAME = AccentColor;
				CODE_SIGN_ENTITLEMENTS = MicroLayerBuilder/MicroLayerBuilder.entitlements;
				CODE_SIGN_STYLE = Automatic;
				COMBINE_HIDPI_IMAGES = YES;
				CURRENT_PROJECT_VERSION = 1;
				DEVELOPMENT_ASSET_PATHS = "\"MicroLayerBuilder/Preview Content\"";
				DEVELOPMENT_TEAM = QLY5PKD56F;
				ENABLE_HARDENED_RUNTIME = YES;
				ENABLE_PREVIEWS = YES;
				GENERATE_INFOPLIST_FILE = YES;
				INFOPLIST_KEY_NSHumanReadableCopyright = "";
				LD_RUNPATH_SEARCH_PATHS = (
					"$(inherited)",
					"@executable_path/../Frameworks",
				);
				MARKETING_VERSION = 1.0;
				PRODUCT_BUNDLE_IDENTIFIER = com.emilio.MicroLayerBuilder;
				PRODUCT_NAME = "$(TARGET_NAME)";
				SWIFT_EMIT_LOC_STRINGS = YES;
				SWIFT_VERSION = 5.0;
			};
			name = Debug;
		};
		AD1DAF602ADBFC4400D7F1F1 /* Release */ = {
			isa = XCBuildConfiguration;
			buildSettings = {
				ASSETCATALOG_COMPILER_APPICON_NAME = AppIcon;
				ASSETCATALOG_COMPILER_GLOBAL_ACCENT_COLOR_NAME = AccentColor;
				CODE_SIGN_ENTITLEMENTS = MicroLayerBuilder/MicroLayerBuilder.entitlements;
				CODE_SIGN_STYLE = Automatic;
				COMBINE_HIDPI_IMAGES = YES;
				CURRENT_PROJECT_VERSION = 1;
				DEVELOPMENT_ASSET_PATHS = "\"MicroLayerBuilder/Preview Content\"";
				DEVELOPMENT_TEAM = QLY5PKD56F;
				ENABLE_HARDENED_RUNTIME = YES;
				ENABLE_PREVIEWS = YES;
				GENERATE_INFOPLIST_FILE = YES;
				INFOPLIST_KEY_NSHumanReadableCopyright = "";
				LD_RUNPATH_SEARCH_PATHS = (
					"$(inherited)",
					"@executable_path/../Frameworks",
				);
				MARKETING_VERSION = 1.0;
				PRODUCT_BUNDLE_IDENTIFIER = com.emilio.MicroLayerBuilder;
				PRODUCT_NAME = "$(TARGET_NAME)";
				SWIFT_EMIT_LOC_STRINGS = YES;
				SWIFT_VERSION = 5.0;
			};
			name = Release;
		};
		AD1DAF622ADBFC4400D7F1F1 /* Debug */ = {
			isa = XCBuildConfiguration;
			buildSettings = {
				ALWAYS_EMBED_SWIFT_STANDARD_LIBRARIES = YES;
				BUNDLE_LOADER = "$(TEST_HOST)";
				CODE_SIGN_STYLE = Automatic;
				CURRENT_PROJECT_VERSION = 1;
				DEVELOPMENT_TEAM = QLY5PKD56F;
				GENERATE_INFOPLIST_FILE = YES;
				MACOSX_DEPLOYMENT_TARGET = 14.0;
				MARKETING_VERSION = 1.0;
				PRODUCT_BUNDLE_IDENTIFIER = com.emilio.MicroLayerBuilderTests;
				PRODUCT_NAME = "$(TARGET_NAME)";
				SWIFT_EMIT_LOC_STRINGS = NO;
				SWIFT_VERSION = 5.0;
				TEST_HOST = "$(BUILT_PRODUCTS_DIR)/MicroLayerBuilder.app/$(BUNDLE_EXECUTABLE_FOLDER_PATH)/MicroLayerBuilder";
			};
			name = Debug;
		};
		AD1DAF632ADBFC4400D7F1F1 /* Release */ = {
			isa = XCBuildConfiguration;
			buildSettings = {
				ALWAYS_EMBED_SWIFT_STANDARD_LIBRARIES = YES;
				BUNDLE_LOADER = "$(TEST_HOST)";
				CODE_SIGN_STYLE = Automatic;
				CURRENT_PROJECT_VERSION = 1;
				DEVELOPMENT_TEAM = QLY5PKD56F;
				GENERATE_INFOPLIST_FILE = YES;
				MACOSX_DEPLOYMENT_TARGET = 14.0;
				MARKETING_VERSION = 1.0;
				PRODUCT_BUNDLE_IDENTIFIER = com.emilio.MicroLayerBuilderTests;
				PRODUCT_NAME = "$(TARGET_NAME)";
				SWIFT_EMIT_LOC_STRINGS = NO;
				SWIFT_VERSION = 5.0;
				TEST_HOST = "$(BUILT_PRODUCTS_DIR)/MicroLayerBuilder.app/$(BUNDLE_EXECUTABLE_FOLDER_PATH)/MicroLayerBuilder";
			};
			name = Release;
		};
		AD1DAF652ADBFC4400D7F1F1 /* Debug */ = {
			isa = XCBuildConfiguration;
			buildSettings = {
				ALWAYS_EMBED_SWIFT_STANDARD_LIBRARIES = YES;
				CODE_SIGN_STYLE = Automatic;
				CURRENT_PROJECT_VERSION = 1;
				DEVELOPMENT_TEAM = QLY5PKD56F;
				GENERATE_INFOPLIST_FILE = YES;
				MARKETING_VERSION = 1.0;
				PRODUCT_BUNDLE_IDENTIFIER = com.emilio.MicroLayerBuilderUITests;
				PRODUCT_NAME = "$(TARGET_NAME)";
				SWIFT_EMIT_LOC_STRINGS = NO;
				SWIFT_VERSION = 5.0;
				TEST_TARGET_NAME = MicroLayerBuilder;
			};
			name = Debug;
		};
		AD1DAF662ADBFC4400D7F1F1 /* Release */ = {
			isa = XCBuildConfiguration;
			buildSettings = {
				ALWAYS_EMBED_SWIFT_STANDARD_LIBRARIES = YES;
				CODE_SIGN_STYLE = Automatic;
				CURRENT_PROJECT_VERSION = 1;
				DEVELOPMENT_TEAM = QLY5PKD56F;
				GENERATE_INFOPLIST_FILE = YES;
				MARKETING_VERSION = 1.0;
				PRODUCT_BUNDLE_IDENTIFIER = com.emilio.MicroLayerBuilderUITests;
				PRODUCT_NAME = "$(TARGET_NAME)";
				SWIFT_EMIT_LOC_STRINGS = NO;
				SWIFT_VERSION = 5.0;
				TEST_TARGET_NAME = MicroLayerBuilder;
			};
			name = Release;
		};
/* End XCBuildConfiguration section */

/* Begin XCConfigurationList section */
		AD1DAF2F2ADBFC4200D7F1F1 /* Build configuration list for PBXProject "MicroLayerBuilder" */ = {
			isa = XCConfigurationList;
			buildConfigurations = (
				AD1DAF5C2ADBFC4400D7F1F1 /* Debug */,
				AD1DAF5D2ADBFC4400D7F1F1 /* Release */,
			);
			defaultConfigurationIsVisible = 0;
			defaultConfigurationName = Release;
		};
		AD1DAF5E2ADBFC4400D7F1F1 /* Build configuration list for PBXNativeTarget "MicroLayerBuilder" */ = {
			isa = XCConfigurationList;
			buildConfigurations = (
				AD1DAF5F2ADBFC4400D7F1F1 /* Debug */,
				AD1DAF602ADBFC4400D7F1F1 /* Release */,
			);
			defaultConfigurationIsVisible = 0;
			defaultConfigurationName = Release;
		};
		AD1DAF612ADBFC4400D7F1F1 /* Build configuration list for PBXNativeTarget "MicroLayerBuilderTests" */ = {
			isa = XCConfigurationList;
			buildConfigurations = (
				AD1DAF622ADBFC4400D7F1F1 /* Debug */,
				AD1DAF632ADBFC4400D7F1F1 /* Release */,
			);
			defaultConfigurationIsVisible = 0;
			defaultConfigurationName = Release;
		};
		AD1DAF642ADBFC4400D7F1F1 /* Build configuration list for PBXNativeTarget "MicroLayerBuilderUITests" */ = {
			isa = XCConfigurationList;
			buildConfigurations = (
				AD1DAF652ADBFC4400D7F1F1 /* Debug */,
				AD1DAF662ADBFC4400D7F1F1 /* Release */,
			);
			defaultConfigurationIsVisible = 0;
			defaultConfigurationName = Release;
		};
/* End XCConfigurationList section */

/* Begin XCVersionGroup section */
		AD1DAF422ADBFC4300D7F1F1 /* MicroLayerBuilder.xcdatamodeld */ = {
			isa = XCVersionGroup;
			children = (
				AD1DAF432ADBFC4300D7F1F1 /* MicroLayerBuilder.xcdatamodel */,
			);
			currentVersion = AD1DAF432ADBFC4300D7F1F1 /* MicroLayerBuilder.xcdatamodel */;
			path = MicroLayerBuilder.xcdatamodeld;
			sourceTree = "<group>";
			versionGroupType = wrapper.xcdatamodel;
		};
/* End XCVersionGroup section */
	};
	rootObject = AD1DAF2C2ADBFC4200D7F1F1 /* Project object */;
}
